
Microsoft Visual Studio Solution File, Format Version 12.00
# Visual Studio 15
VisualStudioVersion = 15.0.28307.136
MinimumVisualStudioVersion = 10.0.40219.1
Project("{FAE04EC0-301F-11D3-BF4B-00C04F79EFBC}") = "ModisAPI", "ModisAPI\ModisAPI.csproj", "{72FCB9E5-AAC4-4C9A-84D3-3AABBBAE769E}"
EndProject
Global
	GlobalSection(SolutionConfigurationPlatforms) = preSolution
		Debug|Any CPU = Debug|Any CPU
		Release|Any CPU = Release|Any CPU
	EndGlobalSection
	GlobalSection(ProjectConfigurationPlatforms) = postSolution
		{72FCB9E5-AAC4-4C9A-84D3-3AABBBAE769E}.Debug|Any CPU.ActiveCfg = Debug|Any CPU
		{72FCB9E5-AAC4-4C9A-84D3-3AABBBAE769E}.Debug|Any CPU.Build.0 = Debug|Any CPU
		{72FCB9E5-AAC4-4C9A-84D3-3AABBBAE769E}.Release|Any CPU.ActiveCfg = Release|Any CPU
		{72FCB9E5-AAC4-4C9A-84D3-3AABBBAE769E}.Release|Any CPU.Build.0 = Release|Any CPU
	EndGlobalSection
	GlobalSection(SolutionProperties) = preSolution
		HideSolutionNode = FALSE
	EndGlobalSection
	GlobalSection(ExtensibilityGlobals) = postSolution
		SolutionGuid = {A991D6D7-2AB4-49B2-B5D0-92B82A104528}
	EndGlobalSection
EndGlobal
